{
  "name": "vue-apicloud",
  "version": "0.1.0",
  "lockfileVersion": 1,
  "requires": true,
  "dependencies": {
    "@babel/runtime": {
      "version": "7.12.5",
      "resolved": "https://registry.npm.taobao.org/@babel/runtime/download/@babel/runtime-7.12.5.tgz?cache=0&sync_timestamp=1604442914006&other_urls=https%3A%2F%2Fregistry.npm.taobao.org%2F%40babel%2Fruntime%2Fdownload%2F%40babel%2Fruntime-7.12.5.tgz",
      "integrity": "sha1-QQ5+SHRB4bNgwpvnFdhw2bmFiC4=",
      "requires": {
        "regenerator-runtime": "^0.13.4"
      }
    },
    "@vant/icons": {
      "version": "1.4.0",
      "resolved": "https://registry.npm.taobao.org/@vant/icons/download/@vant/icons-1.4.0.tgz",
      "integrity": "sha1-qR94lPLzQ1b3il1vi51PGkat0MU="
    },
    "@vue/babel-helper-vue-jsx-merge-props": {
      "version": "1.2.1",
      "resolved": "https://registry.npm.taobao.org/@vue/babel-helper-vue-jsx-merge-props/download/@vue/babel-helper-vue-jsx-merge-props-1.2.1.tgz?cache=0&sync_timestamp=1602851189622&other_urls=https%3A%2F%2Fregistry.npm.taobao.org%2F%40vue%2Fbabel-helper-vue-jsx-merge-props%2Fdownload%2F%40vue%2Fbabel-helper-vue-jsx-merge-props-1.2.1.tgz",
      "integrity": "sha1-MWJKelBfsU2h1YAjclpMXycOaoE="
    },
    "regenerator-runtime": {
      "version": "0.13.7",
      "resolved": "https://registry.npm.taobao.org/regenerator-runtime/download/regenerator-runtime-0.13.7.tgz",
      "integrity": "sha1-ysLazIoepnX+qrrriugziYrkb1U="
    },
    "vant": {
      "version": "2.10.14",
      "resolved": "https://registry.npm.taobao.org/vant/download/vant-2.10.14.tgz?cache=0&sync_timestamp=1605445570822&other_urls=https%3A%2F%2Fregistry.npm.taobao.org%2Fvant%2Fdownload%2Fvant-2.10.14.tgz",
      "integrity": "sha1-XgNccLvQ5bt4+OlihdgnnXgld/0=",
      "requires": {
        "@babel/runtime": "7.x",
        "@vant/icons": "1.4.0",
        "@vue/babel-helper-vue-jsx-merge-props": "^1.0.0",
        "vue-lazyload": "1.2.3"
      }
    },
    "vue": {
      "version": "2.6.12",
      "resolved": "https://registry.npmjs.org/vue/-/vue-2.6.12.tgz",
      "integrity": "sha512-uhmLFETqPPNyuLLbsKz6ioJ4q7AZHzD8ZVFNATNyICSZouqP2Sz0rotWQC8UNBF6VGSCs5abnKJoStA6JbCbfg=="
    },
    "vue-lazyload": {
      "version": "1.2.3",
      "resolved": "https://registry.npm.taobao.org/vue-lazyload/download/vue-lazyload-1.2.3.tgz",
      "integrity": "sha1-kB+ewVx+bKeHgaK65KNDaGve2yw="
    }
  }
}
